
Microsoft Visual Studio Solution File, Format Version 12.00
# Visual Studio Version 17
VisualStudioVersion = 17.3.32819.101
MinimumVisualStudioVersion = 10.0.40219.1
Project("{FAE04EC0-301F-11D3-BF4B-00C04F79EFBC}") = "ManejoPresupuesto", "ManejoPresupuesto\ManejoPresupuesto.csproj", "{66E6E28E-01B9-4B2D-A472-A57FCF669CCE}"
EndProject
Global
	GlobalSection(SolutionConfigurationPlatforms) = preSolution
		Debug|Any CPU = Debug|Any CPU
		Release|Any CPU = Release|Any CPU
	EndGlobalSection
	GlobalSection(ProjectConfigurationPlatforms) = postSolution
		{66E6E28E-01B9-4B2D-A472-A57FCF669CCE}.Debug|Any CPU.ActiveCfg = Debug|Any CPU
		{66E6E28E-01B9-4B2D-A472-A57FCF669CCE}.Debug|Any CPU.Build.0 = Debug|Any CPU
		{66E6E28E-01B9-4B2D-A472-A57FCF669CCE}.Release|Any CPU.ActiveCfg = Release|Any CPU
		{66E6E28E-01B9-4B2D-A472-A57FCF669CCE}.Release|Any CPU.Build.0 = Release|Any CPU
	EndGlobalSection
	GlobalSection(SolutionProperties) = preSolution
		HideSolutionNode = FALSE
	EndGlobalSection
	GlobalSection(ExtensibilityGlobals) = postSolution
		SolutionGuid = {62A6323B-3F4C-4A07-B6B2-0DC5357E4AC8}
	EndGlobalSection
EndGlobal
